{
  "requires": true,
  "lockfileVersion": 1,
  "dependencies": {
    "systemjs": {
      "version": "6.2.5",
      "resolved": "https://registry.npmjs.org/systemjs/-/systemjs-6.2.5.tgz",
      "integrity": "sha512-Jw1FOgzxG+wIi+ewEPyYKsqxR3IQOQWMwFh1o7C0VfLYoBcVDYSg8EFrKCisUD+5+/KecrDC+NSy4exkl7QRdw=="
    }
  }
}
